{
    "_meta": {
        "hash": {
            "sha256": "efb405d6344a1d4fb41390336ca2b1899f82ebf9f34854c87dd7288a17b74e09"
        },
        "pipfile-spec": 6,
        "requires": {
            "python_full_version": "3.10.6",
            "python_version": "3.10"
        },
        "sources": [
            {
                "name": "pypi",
                "url": "https://pypi.org/simple",
                "verify_ssl": true
            }
        ]
    },
    "default": {
        "pyside6": {
            "hashes": [
                "sha256:0985a75aa5ff42f93e5e0a0034d2c00f4dfc9a5cda3d63a8f9c5da3096dc7e04",
                "sha256:40830c2a5d1a19cedb33638f85b505831e172fa2630b95f11e993614187e8562",
                "sha256:59dafe1f608d5363afa17d318377ac78d686907d6a1292754887b9229632f36e",
                "sha256:74b49be890662511eb8f279cf4862f7452c1ec7dbb61839f6a9baa0efdefce66",
                "sha256:b9f132133e0681c5d1d47d533108cc9d35f96486251a9f23bdac6f3b6aa53a1c",
                "sha256:e5f8f413743cc28b18e10b3d35a50f1410ed2874a376cd136ffa6030e5ed78fa"
            ],
            "index": "pypi",
            "version": "==6.4.2"
        },
        "pyside6-addons": {
            "hashes": [
                "sha256:03245466c3844681cdd7d350c1c94444cafff4c86394b44b6bff32643a9668c6",
                "sha256:101bfe096a426eab15cc02f4d5755ace564ce53693cb44b3fc66223709d999b5",
                "sha256:5c06fa0e1bc6269b9e80e004f928eadc4c7f07bca51e41b375f79f3dc17c94ea",
                "sha256:9fddedee6d5d3c0c98677f421530402a4107f4b4ad773c596d5dd21366f88abf",
                "sha256:e94d3d6385723c6c3c78b321498e6ab7331f67c77d6233d314c98b89cc629449",
                "sha256:f5160f28cec8068f717150d7e9a054c6ae0034c75e404b9ae198f620e8bcc7c3"
            ],
            "markers": "python_version < '3.12' and python_version >= '3.7'",
            "version": "==6.4.2"
        },
        "pyside6-essentials": {
            "hashes": [
                "sha256:0b00979a37a2cf0b848d5ac1eb595e4480687f0ddd34d82cbc738dfe7e8976bc",
                "sha256:459202678a5217d1b1ad44ca6da2033e73082d702eafd842c1bf6952e243eb65",
                "sha256:7d01e1fd4136cbc3f5516d1c7187a694dd5b6d09a4be3de6e184d0845070ba85",
                "sha256:8061b68d7eb4ace0ad4443c66747ebac92f686ba704ac343f58e9e9eed8f1c0f",
                "sha256:8c3d37cca6e27f6da12b50b20e741d593ccc857bdcdb82d97f8f7c8bfe53639a",
                "sha256:8f208567e27c9caede517f07ec53cb6b3f9472d72866080393f3150393683c46"
            ],
            "markers": "python_version < '3.12' and python_version >= '3.7'",
            "version": "==6.4.2"
        },
        "python-mpv": {
            "hashes": [
                "sha256:4c5cc55df484232827ebfa9e498e8370698c6bf7283ba6b1e0329cc42f3aeb8e"
            ],
            "index": "pypi",
            "version": "==1.0.1"
        },
        "shiboken6": {
            "hashes": [
                "sha256:0616c1a12d1e51e680595b3940b986275c1df952a751416a0730a59e5b90105f",
                "sha256:0c706fd0e6eeb49d807aaef08f078526eb35bee1d84209cf66cb1ff70508b93a",
                "sha256:2278f8d6ab6f3377e82f72b6305e06bd53e9e479729de489e7a5205296bdb74e",
                "sha256:58511b2d0f77f3153b0371e0da2730db38195cb72e5d450e32a52db25c6af06d",
                "sha256:6131d32cce4114924dabea313fc345745f95ce567631349f2fad170ebff4bfee",
                "sha256:d66bfdd80bbb3c8f9165afad4bb8786434a75456a36f8ee90b583c31ef311a50"
            ],
            "markers": "python_version < '3.12' and python_version >= '3.7'",
            "version": "==6.4.2"
        }
    },
    "develop": {
        "altgraph": {
            "hashes": [
                "sha256:ad33358114df7c9416cdb8fa1eaa5852166c505118717021c6a8c7c7abbd03dd",
                "sha256:c8ac1ca6772207179ed8003ce7687757c04b0b71536f81e2ac5755c6226458fe"
            ],
            "version": "==0.17.3"
        },
        "future": {
            "hashes": [
                "sha256:34a17436ed1e96697a86f9de3d15a3b0be01d8bc8de9c1dffd59fb8234ed5307"
            ],
            "markers": "python_version >= '2.6' and python_version not in '3.0, 3.1, 3.2, 3.3'",
            "version": "==0.18.3"
        },
        "pefile": {
            "hashes": [
                "sha256:a5488a3dd1fd021ce33f969780b88fe0f7eebb76eb20996d7318f307612a045b"
            ],
            "markers": "sys_platform == 'win32'",
            "version": "==2022.5.30"
        },
        "pyinstaller": {
            "hashes": [
                "sha256:0e5953937d35f0b37543cc6915dacaf3239bcbdf3fd3ecbb7866645468a16775",
                "sha256:0f80e2403e76630ad3392c71f09c1a4284e8d8a8a99fb55ff3a0aba0e06300ed",
                "sha256:1ac3f09b838710c43e34b0a7ad003bd168a754b0b786c561b47baf1af9104354",
                "sha256:28a8a0da656493aa32d9665e2f6f84775da0f23174859ed8facaa4226fe77a17",
                "sha256:2c1dd9d11cfc48bab61eeb06de69a3d1ad742bbb2ef14716965ca0333dd43a5b",
                "sha256:3180b9bf22263380adc5e2ee051b7c21463292877215bbe70c9155dc76f4b966",
                "sha256:3e51e18a16dec0414079762843cf892a5d70749ad56ca7b3c7b5f8367dc50b1e",
                "sha256:9b47c10fbefac6f6493266f8b1689109b2b14efa9142dbd2cd7549226a4568b7",
                "sha256:9cdb8ee8622ee8d2c6cd67f001b610019d4371a8bf3f7850562640ce786894d7",
                "sha256:b967ae71ab7b05e18608dbb4518da5afa54f0835927cb7a5ce52ab8fffed03b6",
                "sha256:dfc12e92fe10ae645dd0dd1fcfa4cd7677b2e96119e3cd4980d742e09bb78925",
                "sha256:f35f06d48faea0ad738429c009941059beebaa306e9d9ead95f1df4b441de2aa"
            ],
            "index": "pypi",
            "version": "==5.7.0"
        },
        "pyinstaller-hooks-contrib": {
            "hashes": [
                "sha256:55c1def8066d0279d06cd67eea30c12ffcdb961a5edeeaf361adac0164baef30",
                "sha256:73fd4051dc1620f3ae9643291cd9e2f47bfed582ade2eb05e3247ecab4a4f5f3"
            ],
            "markers": "python_version >= '3.7'",
            "version": "==2022.15"
        },
        "pywin32-ctypes": {
            "hashes": [
                "sha256:24ffc3b341d457d48e8922352130cf2644024a4ff09762a2261fd34c36ee5942",
                "sha256:9dc2d991b3479cc2df15930958b674a48a227d5361d413827a4cfd0b5876fc98"
            ],
            "markers": "sys_platform == 'win32'",
            "version": "==0.2.0"
        },
        "setuptools": {
            "hashes": [
                "sha256:6f590d76b713d5de4e49fe4fbca24474469f53c83632d5d0fd056f7ff7e8112b",
                "sha256:ac4008d396bc9cd983ea483cb7139c0240a07bbc74ffb6232fceffedc6cf03a8"
            ],
            "markers": "python_version >= '3.7'",
            "version": "==66.1.1"
        }
    }
}
